--- 
dependencies: 
  padrino: 
    group: 
    - :default
    version: ">= 0"
  rake: 
    group: 
    - :default
    version: ">= 0"
  haml: 
    group: 
    - :default
    version: ">= 0"
  thin: 
    group: 
    - :default
    version: ">= 0"
  rack-flash: 
    group: 
    - :default
    version: ">= 0"
specs: 
- rake: 
    version: 0.8.7
- activesupport: 
    version: 2.3.5
- bundler: 
    version: 0.9.24
- daemons: 
    version: 1.1.0
- eventmachine: 
    version: 0.12.10
- fuzzyhash: 
    version: 0.0.11
- haml: 
    version: 3.0.22
- i18n: 
    version: 0.4.2
- mime-types: 
    version: "1.16"
- polyglot: 
    version: 0.3.1
- treetop: 
    version: 1.4.8
- mail: 
    version: 2.2.1
- rack: 
    version: 1.2.1
- tilt: 
    version: "1.1"
- sinatra: 
    version: 1.1.0
- thor: 
    version: 0.14.3
- usher: 
    version: 0.8.3
- padrino-core: 
    version: 0.9.10
    source: 0
- padrino-gen: 
    version: 0.9.10
    source: 0
- padrino-helpers: 
    version: 0.9.10
    source: 0
- padrino-admin: 
    version: 0.9.10
    source: 0
- padrino-mailer: 
    version: 0.9.10
    source: 0
- padrino: 
    version: 0.9.10
    source: 0
- rack-flash: 
    version: 0.1.1
- thin: 
    version: 1.2.7
hash: 310ca8e347dd071fe7074269f1bd6cefe1ad4dd3
sources: 
- Git: 
    uri: git://github.com/padrino/padrino-framework.git
    git: git://github.com/padrino/padrino-framework.git
    ref: 475f5036fbed8bba77a2c83376dcdc332c7c02eb
- Rubygems: 
    uri: http://gemcutter.org
